{
  "name": "story-scanner",
  "version": "1.0.0",
  "lockfileVersion": 1,
  "requires": true,
  "dependencies": {
    "directory-tree": {
      "version": "2.2.1",
      "resolved": "https://registry.npmjs.org/directory-tree/-/directory-tree-2.2.1.tgz",
      "integrity": "sha512-AWgnCDEKC2/oSAA/0Ae3RhXnMkvOZtNAVQu7wF2/qXF5Xm8LhjWnEXLV4Yza45SmWkNPvNlo4zWPhZjcVd4T5w=="
    },
    "http": {
      "version": "0.0.0",
      "resolved": "https://registry.npmjs.org/http/-/http-0.0.0.tgz",
      "integrity": "sha1-huYybSnF0Dnen6xYSkVon5KfT3I="
    },
    "minimist": {
      "version": "1.2.0",
      "resolved": "https://registry.npmjs.org/minimist/-/minimist-1.2.0.tgz",
      "integrity": "sha1-o1AIsg9BOD7sH7kU9M1d95omQoQ="
    }
  }
}
